
Microsoft Visual Studio Solution File, Format Version 12.00
# Visual Studio Version 16
VisualStudioVersion = 16.0.31702.278
MinimumVisualStudioVersion = 10.0.40219.1
Project("{2150E333-8FDC-42A3-9474-1A3956D46DE8}") = "src", "src", "{36BCB63A-F37E-4096-9D0D-287F99477DE4}"
EndProject
Project("{2150E333-8FDC-42A3-9474-1A3956D46DE8}") = "Building Blocks", "Building Blocks", "{F7EB0783-6944-4BDF-BF79-9267B96EF4A2}"
EndProject
Project("{2150E333-8FDC-42A3-9474-1A3956D46DE8}") = "Services", "Services", "{628535D6-620B-441D-94AC-519D6DF6E865}"
EndProject
Project("{2150E333-8FDC-42A3-9474-1A3956D46DE8}") = "Web", "Web", "{F811B352-A71C-45FD-86DC-5EBDD44C2D64}"
EndProject
Project("{2150E333-8FDC-42A3-9474-1A3956D46DE8}") = "Pessoa", "Pessoa", "{7BC676D1-9A12-4048-924D-00DE81B79593}"
EndProject
Project("{2150E333-8FDC-42A3-9474-1A3956D46DE8}") = "Convenio", "Convenio", "{1B2FE7AB-D646-4FDE-B161-72D82AFD8C94}"
EndProject
Project("{2150E333-8FDC-42A3-9474-1A3956D46DE8}") = "Processo", "Processo", "{AD18EA17-5FBD-46B8-A1E9-903E4A56C654}"
EndProject
Project("{2150E333-8FDC-42A3-9474-1A3956D46DE8}") = "Autenticacao", "Autenticacao", "{FA40C017-8C30-4C84-B839-1F77F13F7DFF}"
EndProject
Project("{9A19103F-16F7-4668-BE54-9A1E7A4F7556}") = "GISA.Autenticacao.API", "src\services\GISA.Autenticacao.API\GISA.Autenticacao.API.csproj", "{7FB57A37-EFE6-4526-8D70-001E6ACC5DA2}"
EndProject
Project("{2150E333-8FDC-42A3-9474-1A3956D46DE8}") = "MVC", "MVC", "{903B528A-4235-410E-A0B6-B2DF5C356F2E}"
EndProject
Project("{9A19103F-16F7-4668-BE54-9A1E7A4F7556}") = "GISA.WebApp.MVC", "src\web\GISA.WebApp.MVC\GISA.WebApp.MVC.csproj", "{89BE6B96-D7F1-409E-A774-413B745E4876}"
EndProject
Project("{2150E333-8FDC-42A3-9474-1A3956D46DE8}") = "Core", "Core", "{C35AF189-C470-4CDA-BCCC-6F325FD5D6BD}"
EndProject
Project("{9A19103F-16F7-4668-BE54-9A1E7A4F7556}") = "GISA.Core", "src\building blocks\GISA.Core\GISA.Core.csproj", "{B208E7FC-1643-4F74-85BC-EB38698C20C2}"
EndProject
Project("{9A19103F-16F7-4668-BE54-9A1E7A4F7556}") = "GISA.Convenio.API", "src\services\GISA.Convenio.API\GISA.Convenio.API.csproj", "{A9490B49-A514-4DB5-B5E7-19A1A4A732A1}"
EndProject
Project("{9A19103F-16F7-4668-BE54-9A1E7A4F7556}") = "GISA.Pessoa.API", "src\services\GISA.Pessoa.API\GISA.Pessoa.API.csproj", "{40E5C0C3-530B-4BA6-883D-33E5C2A67C62}"
EndProject
Project("{9A19103F-16F7-4668-BE54-9A1E7A4F7556}") = "GISA.Processo.API", "src\services\GISA.Processo.API\GISA.Processo.API.csproj", "{3B5AB932-53EF-42BF-91B2-F9301BA5E348}"
EndProject
Project("{2150E333-8FDC-42A3-9474-1A3956D46DE8}") = "BI", "BI", "{F958E13C-3E43-4B67-9749-39D0FE828C9C}"
EndProject
Project("{2150E333-8FDC-42A3-9474-1A3956D46DE8}") = "Gestao", "Gestao", "{B94249FC-A5B2-4584-9E7C-AF042551482F}"
EndProject
Project("{FAE04EC0-301F-11D3-BF4B-00C04F79EFBC}") = "GISA.Gestao.API", "src\services\GISA.Gestao.API\GISA.Gestao.API.csproj", "{68C01450-2451-4FAF-9695-B65311F64F70}"
EndProject
Project("{FAE04EC0-301F-11D3-BF4B-00C04F79EFBC}") = "GISA.BI.API", "src\services\GISA.BI.API\GISA.BI.API.csproj", "{59F66AA7-B481-4B6F-9356-2729960F9C6B}"
EndProject
Global
	GlobalSection(SolutionConfigurationPlatforms) = preSolution
		Debug|Any CPU = Debug|Any CPU
		Release|Any CPU = Release|Any CPU
	EndGlobalSection
	GlobalSection(ProjectConfigurationPlatforms) = postSolution
		{7FB57A37-EFE6-4526-8D70-001E6ACC5DA2}.Debug|Any CPU.ActiveCfg = Debug|Any CPU
		{7FB57A37-EFE6-4526-8D70-001E6ACC5DA2}.Debug|Any CPU.Build.0 = Debug|Any CPU
		{7FB57A37-EFE6-4526-8D70-001E6ACC5DA2}.Release|Any CPU.ActiveCfg = Release|Any CPU
		{7FB57A37-EFE6-4526-8D70-001E6ACC5DA2}.Release|Any CPU.Build.0 = Release|Any CPU
		{89BE6B96-D7F1-409E-A774-413B745E4876}.Debug|Any CPU.ActiveCfg = Debug|Any CPU
		{89BE6B96-D7F1-409E-A774-413B745E4876}.Debug|Any CPU.Build.0 = Debug|Any CPU
		{89BE6B96-D7F1-409E-A774-413B745E4876}.Release|Any CPU.ActiveCfg = Release|Any CPU
		{89BE6B96-D7F1-409E-A774-413B745E4876}.Release|Any CPU.Build.0 = Release|Any CPU
		{B208E7FC-1643-4F74-85BC-EB38698C20C2}.Debug|Any CPU.ActiveCfg = Debug|Any CPU
		{B208E7FC-1643-4F74-85BC-EB38698C20C2}.Debug|Any CPU.Build.0 = Debug|Any CPU
		{B208E7FC-1643-4F74-85BC-EB38698C20C2}.Release|Any CPU.ActiveCfg = Release|Any CPU
		{B208E7FC-1643-4F74-85BC-EB38698C20C2}.Release|Any CPU.Build.0 = Release|Any CPU
		{A9490B49-A514-4DB5-B5E7-19A1A4A732A1}.Debug|Any CPU.ActiveCfg = Debug|Any CPU
		{A9490B49-A514-4DB5-B5E7-19A1A4A732A1}.Debug|Any CPU.Build.0 = Debug|Any CPU
		{A9490B49-A514-4DB5-B5E7-19A1A4A732A1}.Release|Any CPU.ActiveCfg = Release|Any CPU
		{A9490B49-A514-4DB5-B5E7-19A1A4A732A1}.Release|Any CPU.Build.0 = Release|Any CPU
		{40E5C0C3-530B-4BA6-883D-33E5C2A67C62}.Debug|Any CPU.ActiveCfg = Debug|Any CPU
		{40E5C0C3-530B-4BA6-883D-33E5C2A67C62}.Debug|Any CPU.Build.0 = Debug|Any CPU
		{40E5C0C3-530B-4BA6-883D-33E5C2A67C62}.Release|Any CPU.ActiveCfg = Release|Any CPU
		{40E5C0C3-530B-4BA6-883D-33E5C2A67C62}.Release|Any CPU.Build.0 = Release|Any CPU
		{3B5AB932-53EF-42BF-91B2-F9301BA5E348}.Debug|Any CPU.ActiveCfg = Debug|Any CPU
		{3B5AB932-53EF-42BF-91B2-F9301BA5E348}.Debug|Any CPU.Build.0 = Debug|Any CPU
		{3B5AB932-53EF-42BF-91B2-F9301BA5E348}.Release|Any CPU.ActiveCfg = Release|Any CPU
		{3B5AB932-53EF-42BF-91B2-F9301BA5E348}.Release|Any CPU.Build.0 = Release|Any CPU
		{68C01450-2451-4FAF-9695-B65311F64F70}.Debug|Any CPU.ActiveCfg = Debug|Any CPU
		{68C01450-2451-4FAF-9695-B65311F64F70}.Debug|Any CPU.Build.0 = Debug|Any CPU
		{68C01450-2451-4FAF-9695-B65311F64F70}.Release|Any CPU.ActiveCfg = Release|Any CPU
		{68C01450-2451-4FAF-9695-B65311F64F70}.Release|Any CPU.Build.0 = Release|Any CPU
		{59F66AA7-B481-4B6F-9356-2729960F9C6B}.Debug|Any CPU.ActiveCfg = Debug|Any CPU
		{59F66AA7-B481-4B6F-9356-2729960F9C6B}.Debug|Any CPU.Build.0 = Debug|Any CPU
		{59F66AA7-B481-4B6F-9356-2729960F9C6B}.Release|Any CPU.ActiveCfg = Release|Any CPU
		{59F66AA7-B481-4B6F-9356-2729960F9C6B}.Release|Any CPU.Build.0 = Release|Any CPU
	EndGlobalSection
	GlobalSection(SolutionProperties) = preSolution
		HideSolutionNode = FALSE
	EndGlobalSection
	GlobalSection(NestedProjects) = preSolution
		{F7EB0783-6944-4BDF-BF79-9267B96EF4A2} = {36BCB63A-F37E-4096-9D0D-287F99477DE4}
		{628535D6-620B-441D-94AC-519D6DF6E865} = {36BCB63A-F37E-4096-9D0D-287F99477DE4}
		{F811B352-A71C-45FD-86DC-5EBDD44C2D64} = {36BCB63A-F37E-4096-9D0D-287F99477DE4}
		{7BC676D1-9A12-4048-924D-00DE81B79593} = {628535D6-620B-441D-94AC-519D6DF6E865}
		{1B2FE7AB-D646-4FDE-B161-72D82AFD8C94} = {628535D6-620B-441D-94AC-519D6DF6E865}
		{AD18EA17-5FBD-46B8-A1E9-903E4A56C654} = {628535D6-620B-441D-94AC-519D6DF6E865}
		{FA40C017-8C30-4C84-B839-1F77F13F7DFF} = {628535D6-620B-441D-94AC-519D6DF6E865}
		{7FB57A37-EFE6-4526-8D70-001E6ACC5DA2} = {FA40C017-8C30-4C84-B839-1F77F13F7DFF}
		{903B528A-4235-410E-A0B6-B2DF5C356F2E} = {F811B352-A71C-45FD-86DC-5EBDD44C2D64}
		{89BE6B96-D7F1-409E-A774-413B745E4876} = {903B528A-4235-410E-A0B6-B2DF5C356F2E}
		{C35AF189-C470-4CDA-BCCC-6F325FD5D6BD} = {F7EB0783-6944-4BDF-BF79-9267B96EF4A2}
		{B208E7FC-1643-4F74-85BC-EB38698C20C2} = {C35AF189-C470-4CDA-BCCC-6F325FD5D6BD}
		{A9490B49-A514-4DB5-B5E7-19A1A4A732A1} = {1B2FE7AB-D646-4FDE-B161-72D82AFD8C94}
		{40E5C0C3-530B-4BA6-883D-33E5C2A67C62} = {7BC676D1-9A12-4048-924D-00DE81B79593}
		{3B5AB932-53EF-42BF-91B2-F9301BA5E348} = {AD18EA17-5FBD-46B8-A1E9-903E4A56C654}
		{F958E13C-3E43-4B67-9749-39D0FE828C9C} = {628535D6-620B-441D-94AC-519D6DF6E865}
		{B94249FC-A5B2-4584-9E7C-AF042551482F} = {628535D6-620B-441D-94AC-519D6DF6E865}
		{68C01450-2451-4FAF-9695-B65311F64F70} = {B94249FC-A5B2-4584-9E7C-AF042551482F}
		{59F66AA7-B481-4B6F-9356-2729960F9C6B} = {F958E13C-3E43-4B67-9749-39D0FE828C9C}
	EndGlobalSection
	GlobalSection(ExtensibilityGlobals) = postSolution
		SolutionGuid = {0690B139-7BE8-4E8E-9467-5CBC6B19D691}
	EndGlobalSection
EndGlobal
